{
  "name": "nouveau-dossier-(2)",
  "version": "1.0.0",
  "lockfileVersion": 3,
  "requires": true,
  "packages": {
    "": {
      "name": "nouveau-dossier-(2)",
      "version": "1.0.0",
      "license": "ISC",
      "dependencies": {
        "axios": "^1.13.2",
        "body-parser": "^2.2.1",
        "cloudinary": "^2.8.0",
        "cors": "^2.8.5",
        "dotenv": "^17.2.3",
        "express": "^5.2.1",
        "form-data": "^4.0.5",
        "mongoose": "^9.0.1",
        "multer": "^2.0.2",
        "nat-upnp": "^1.1.1"
      }
    }
  }
}
